
Microsoft Visual Studio Solution File, Format Version 12.00
# Visual Studio Version 17
VisualStudioVersion = 17.8.34601.278
MinimumVisualStudioVersion = 10.0.40219.1
Project("{FAE04EC0-301F-11D3-BF4B-00C04F79EFBC}") = "TestBert", "TestBert\TestBert.csproj", "{EF4A64E2-A822-4377-BF10-9745B793AFEC}"
EndProject
Global
	GlobalSection(SolutionConfigurationPlatforms) = preSolution
		Debug|Any CPU = Debug|Any CPU
		Release|Any CPU = Release|Any CPU
	EndGlobalSection
	GlobalSection(ProjectConfigurationPlatforms) = postSolution
		{EF4A64E2-A822-4377-BF10-9745B793AFEC}.Debug|Any CPU.ActiveCfg = Debug|Any CPU
		{EF4A64E2-A822-4377-BF10-9745B793AFEC}.Debug|Any CPU.Build.0 = Debug|Any CPU
		{EF4A64E2-A822-4377-BF10-9745B793AFEC}.Release|Any CPU.ActiveCfg = Release|Any CPU
		{EF4A64E2-A822-4377-BF10-9745B793AFEC}.Release|Any CPU.Build.0 = Release|Any CPU
	EndGlobalSection
	GlobalSection(SolutionProperties) = preSolution
		HideSolutionNode = FALSE
	EndGlobalSection
	GlobalSection(ExtensibilityGlobals) = postSolution
		SolutionGuid = {7DFA5A91-FADA-4199-8D40-F5AF1C64CB9F}
	EndGlobalSection
EndGlobal
